<?xml version="1.0" encoding="utf-8"?>
<Project ToolsVersion="4.0" xmlns="http://schemas.microsoft.com/developer/msbuild/2003">
  <ItemGroup>
    <Filter Include="Source Files">
      <UniqueIdentifier>{4FC737F1-C7A5-4376-A066-2A32D752A2FF}</UniqueIdentifier>
      <Extensions>cpp;c;cc;cxx;c++;cppm;ixx;def;odl;idl;hpj;bat;asm;asmx</Extensions>
    </Filter>
    <Filter Include="Header Files">
      <UniqueIdentifier>{93995380-89BD-4b04-88EB-625FBE52EBFB}</UniqueIdentifier>
      <Extensions>h;hh;hpp;hxx;h++;hm;inl;inc;ipp;xsd</Extensions>
    </Filter>
    <Filter Include="Resource Files">
      <UniqueIdentifier>{67DA6AB6-F800-4c08-8B7A-83BB121AAD01}</UniqueIdentifier>
      <Extensions>rc;ico;cur;bmp;dlg;rc2;rct;bin;rgs;gif;jpg;jpeg;jpe;resx;tiff;tif;png;wav;mfcribbon-ms</Extensions>
    </Filter>
    <Filter Include="Header Files\engine">
      <UniqueIdentifier>{bd9597e6-03bf-4315-9db0-6e30733b19f7}</UniqueIdentifier>
    </Filter>
    <Filter Include="Source Files\engine">
      <UniqueIdentifier>{eccad32e-8357-4236-b2d6-c07cada565f8}</UniqueIdentifier>
    </Filter>
    <Filter Include="Header Files\game">
      <UniqueIdentifier>{c760f51f-af1a-482b-be07-b70a44832f58}</UniqueIdentifier>
    </Filter>
    <Filter Include="Source Files\game">
      <UniqueIdentifier>{21750631-88f4-4c76-be2a-52ab2e7f2829}</UniqueIdentifier>
    </Filter>
    <Filter Include="Header Files\map">
      <UniqueIdentifier>{181e76e7-cec1-499d-8e6b-760ac05b5e16}</UniqueIdentifier>
    </Filter>
    <Filter Include="Source Files\map">
      <UniqueIdentifier>{2179d307-b34d-4b52-87df-9069252db15c}</UniqueIdentifier>
    </Filter>
    <Filter Include="Header Files\tiled_importer">
      <UniqueIdentifier>{588ad7fa-4f91-4a27-923d-6d39dda13096}</UniqueIdentifier>
    </Filter>
    <Filter Include="Source Files\tiled_importer">
      <UniqueIdentifier>{4e8df2b6-8745-48bd-b5c1-23a0272103e5}</UniqueIdentifier>
    </Filter>
  </ItemGroup>
  <ItemGroup>
    <ClCompile Include="GoldCrawl.cpp">
      <Filter>Source Files</Filter>
    </ClCompile>
    <ClCompile Include="Renderer.cpp">
      <Filter>Source Files\engine</Filter>
    </ClCompile>
    <ClCompile Include="Director.cpp">
      <Filter>Source Files\engine</Filter>
    </ClCompile>
    <ClCompile Include="Input.cpp">
      <Filter>Source Files\engine</Filter>
    </ClCompile>
    <ClCompile Include="SDLContext.cpp">
      <Filter>Source Files\engine</Filter>
    </ClCompile>
    <ClCompile Include="WorldPlayerController.cpp">
      <Filter>Source Files\game</Filter>
    </ClCompile>
    <ClCompile Include="WorldScene.cpp">
      <Filter>Source Files\game</Filter>
    </ClCompile>
    <ClCompile Include="Map.cpp">
      <Filter>Source Files\map</Filter>
    </ClCompile>
    <ClCompile Include="Tile.cpp">
      <Filter>Source Files\map</Filter>
    </ClCompile>
    <ClCompile Include="TiledImporter.cpp">
      <Filter>Source Files\tiled_importer</Filter>
    </ClCompile>
    <ClCompile Include="SpriteAnimation.cpp">
      <Filter>Source Files\engine</Filter>
    </ClCompile>
    <ClCompile Include="Broom.cpp">
      <Filter>Source Files\game</Filter>
    </ClCompile>
    <ClCompile Include="Player.cpp">
      <Filter>Source Files\game</Filter>
    </ClCompile>
    <ClCompile Include="TrapTile.cpp">
      <Filter>Source Files</Filter>
    </ClCompile>
    <ClCompile Include="AnimationManager.cpp">
      <Filter>Source Files</Filter>
    </ClCompile>
  </ItemGroup>
  <ItemGroup>
    <CopyFileToFolders Include="dependencies\SDL2.dll">
      <Filter>Resource Files</Filter>
    </CopyFileToFolders>
    <CopyFileToFolders Include="dependencies\SDL2_image.dll">
      <Filter>Resource Files</Filter>
    </CopyFileToFolders>
    <CopyFileToFolders Include="dependencies\SDL2_ttf.dll">
      <Filter>Resource Files</Filter>
    </CopyFileToFolders>
    <CopyFileToFolders Include="dependencies\BaconSans.ttf">
      <Filter>Resource Files</Filter>
    </CopyFileToFolders>
  </ItemGroup>
  <ItemGroup>
    <ClInclude Include="Prelude.h">
      <Filter>Header Files</Filter>
    </ClInclude>
    <ClInclude Include="Renderer.h">
      <Filter>Header Files\engine</Filter>
    </ClInclude>
    <ClInclude Include="SDLContext.h">
      <Filter>Header Files\engine</Filter>
    </ClInclude>
    <ClInclude Include="Director.h">
      <Filter>Header Files\engine</Filter>
    </ClInclude>
    <ClInclude Include="Input.h">
      <Filter>Header Files\engine</Filter>
    </ClInclude>
    <ClInclude Include="FileSystem.h">
      <Filter>Header Files\engine</Filter>
    </ClInclude>
    <ClInclude Include="PlayerController.h">
      <Filter>Header Files\game</Filter>
    </ClInclude>
    <ClInclude Include="WorldPlayerController.h">
      <Filter>Header Files\game</Filter>
    </ClInclude>
    <ClInclude Include="Scene.h">
      <Filter>Header Files\game</Filter>
    </ClInclude>
    <ClInclude Include="WorldScene.h">
      <Filter>Header Files\game</Filter>
    </ClInclude>
    <ClInclude Include="Player.h">
      <Filter>Header Files\game</Filter>
    </ClInclude>
    <ClInclude Include="Vector.h">
      <Filter>Header Files\engine</Filter>
    </ClInclude>
    <ClInclude Include="Color.h">
      <Filter>Header Files\engine</Filter>
    </ClInclude>
    <ClInclude Include="Map.h">
      <Filter>Header Files\map</Filter>
    </ClInclude>
    <ClInclude Include="Tile.h">
      <Filter>Header Files\map</Filter>
    </ClInclude>
    <ClInclude Include="Point.h">
      <Filter>Header Files\engine</Filter>
    </ClInclude>
    <ClInclude Include="TiledImporter.h">
      <Filter>Header Files\tiled_importer</Filter>
    </ClInclude>
    <ClInclude Include="Sprite.h">
      <Filter>Header Files\engine</Filter>
    </ClInclude>
    <ClInclude Include="SpriteAnimation.h">
      <Filter>Header Files\engine</Filter>
    </ClInclude>
    <ClInclude Include="Broom.h">
      <Filter>Header Files\game</Filter>
    </ClInclude>
    <ClInclude Include="TrapTile.h">
      <Filter>Header Files\map</Filter>
    </ClInclude>
    <ClInclude Include="AnimationManager.h">
      <Filter>Header Files\engine</Filter>
    </ClInclude>
  </ItemGroup>
</Project>